
Microsoft Visual Studio Solution File, Format Version 12.00
# Visual Studio 2012
Project("{888888A0-9F3D-457C-B088-3A5042F75D52}") = "BuildScript", "BuildScript\BuildScript.pyproj", "{0B4F12DE-33D4-4596-8575-F158F3127D2E}"
EndProject
Global
	GlobalSection(TeamFoundationVersionControl) = preSolution
		SccNumberOfProjects = 2
		SccEnterpriseProvider = {4CA58AB2-18FA-4F8D-95D4-32DDF27D184C}
		SccTeamFoundationServer = http://ibuild:8080/tfs/iosight
		SccLocalPath0 = .
		SccProjectUniqueName1 = BuildScript\\BuildScript.pyproj
		SccProjectName1 = BuildScript
		SccLocalPath1 = BuildScript
	EndGlobalSection
	GlobalSection(SolutionConfigurationPlatforms) = preSolution
		Debug|Any CPU = Debug|Any CPU
		Release|Any CPU = Release|Any CPU
	EndGlobalSection
	GlobalSection(ProjectConfigurationPlatforms) = postSolution
		{0B4F12DE-33D4-4596-8575-F158F3127D2E}.Debug|Any CPU.ActiveCfg = Debug|Any CPU
		{0B4F12DE-33D4-4596-8575-F158F3127D2E}.Release|Any CPU.ActiveCfg = Release|Any CPU
	EndGlobalSection
	GlobalSection(SolutionProperties) = preSolution
		HideSolutionNode = FALSE
	EndGlobalSection
EndGlobal
